
Microsoft Visual Studio Solution File, Format Version 12.00
# Visual Studio Version 16
VisualStudioVersion = 16.0.32228.343
MinimumVisualStudioVersion = 10.0.40219.1
Project("{FAE04EC0-301F-11D3-BF4B-00C04F79EFBC}") = "WdFiguritas", "WdFiguritas\WdFiguritas.csproj", "{9CA6FB8F-95AD-40AD-8109-F1D10EBAC3FD}"
EndProject
Global
	GlobalSection(SolutionConfigurationPlatforms) = preSolution
		Debug|Any CPU = Debug|Any CPU
		Release|Any CPU = Release|Any CPU
	EndGlobalSection
	GlobalSection(ProjectConfigurationPlatforms) = postSolution
		{9CA6FB8F-95AD-40AD-8109-F1D10EBAC3FD}.Debug|Any CPU.ActiveCfg = Debug|Any CPU
		{9CA6FB8F-95AD-40AD-8109-F1D10EBAC3FD}.Debug|Any CPU.Build.0 = Debug|Any CPU
		{9CA6FB8F-95AD-40AD-8109-F1D10EBAC3FD}.Release|Any CPU.ActiveCfg = Release|Any CPU
		{9CA6FB8F-95AD-40AD-8109-F1D10EBAC3FD}.Release|Any CPU.Build.0 = Release|Any CPU
	EndGlobalSection
	GlobalSection(SolutionProperties) = preSolution
		HideSolutionNode = FALSE
	EndGlobalSection
	GlobalSection(ExtensibilityGlobals) = postSolution
		SolutionGuid = {7D5514EA-F489-43F5-BC4E-6B50D37328D5}
	EndGlobalSection
EndGlobal
